// !$*UTF8*$!
{
	archiveVersion = 1;
	classes = {
	};
	objectVersion = 46;
	objects = {

/* Begin PBXBuildFile section */
		0E24A45C1382736300858A70 /* CPViewController.m in Sources */ = {isa = PBXBuildFile; fileRef = 0E24A45A1382736300858A70 /* CPViewController.m */; };
		0E24A45D1382736300858A70 /* CPViewController.xib in Resources */ = {isa = PBXBuildFile; fileRef = 0E24A45B1382736300858A70 /* CPViewController.xib */; };
		0E24A45F1382795B00858A70 /* morgueFile in Resources */ = {isa = PBXBuildFile; fileRef = 0E24A45E1382795B00858A70 /* morgueFile */; };
		0E24A463138280AB00858A70 /* paperbag.wav in Resources */ = {isa = PBXBuildFile; fileRef = 0E24A460138280AB00858A70 /* paperbag.wav */; };
		0E24A464138280AB00858A70 /* chaching.wav in Resources */ = {isa = PBXBuildFile; fileRef = 0E24A461138280AB00858A70 /* chaching.wav */; };
		0E24A465138280AB00858A70 /* rustle.wav in Resources */ = {isa = PBXBuildFile; fileRef = 0E24A462138280AB00858A70 /* rustle.wav */; };
		0E81A8AD137E718300D9059A /* README in Resources */ = {isa = PBXBuildFile; fileRef = 0E81A8AC137E718300D9059A /* README */; };
		0E81A8B1137E72E500D9059A /* EnergyBuster.m in Sources */ = {isa = PBXBuildFile; fileRef = 0E81A8B0137E72E500D9059A /* EnergyBuster.m */; };
		0E81A8C8137E7F2000D9059A /* QuartzCore.framework in Frameworks */ = {isa = PBXBuildFile; fileRef = 0E81A8C7137E7F2000D9059A /* QuartzCore.framework */; };
		0E8E782413834D7E007CA7DF /* DailyRatePList.plist in Resources */ = {isa = PBXBuildFile; fileRef = 0E8E782313834D7E007CA7DF /* DailyRatePList.plist */; };
		0E8E782A1383547E007CA7DF /* Calendar.m in Sources */ = {isa = PBXBuildFile; fileRef = 0E8E78291383547D007CA7DF /* Calendar.m */; };
		0E8E782C1383595F007CA7DF /* morgueFile2 in Resources */ = {isa = PBXBuildFile; fileRef = 0E8E782B1383595E007CA7DF /* morgueFile2 */; };
		0E8E783013836810007CA7DF /* MonthlySavingsByCategory.plist in Resources */ = {isa = PBXBuildFile; fileRef = 0E8E782F1383680F007CA7DF /* MonthlySavingsByCategory.plist */; };
		0E8E783413836C77007CA7DF /* PieVC.m in Sources */ = {isa = PBXBuildFile; fileRef = 0E8E783213836C74007CA7DF /* PieVC.m */; };
		0E8E783513836C77007CA7DF /* PieVC.xib in Resources */ = {isa = PBXBuildFile; fileRef = 0E8E783313836C75007CA7DF /* PieVC.xib */; };
		0E910DFE1381527200395ABB /* EnergyBusterViewController.m in Sources */ = {isa = PBXBuildFile; fileRef = 0E910DFC1381527100395ABB /* EnergyBusterViewController.m */; };
		0E910DFF1381527200395ABB /* EnergyBusterViewController.xib in Resources */ = {isa = PBXBuildFile; fileRef = 0E910DFD1381527100395ABB /* EnergyBusterViewController.xib */; };
		0EAEBA91137EC2DF00968696 /* EnergyBusterList.plist in Resources */ = {isa = PBXBuildFile; fileRef = 0EAEBA90137EC2DF00968696 /* EnergyBusterList.plist */; };
		A9391FAD137EAE11007B4F72 /* CorePlot.framework in Frameworks */ = {isa = PBXBuildFile; fileRef = A9391FAC137EAE11007B4F72 /* CorePlot.framework */; };
		A9FA5662137E6B3000CC9474 /* Cocoa.framework in Frameworks */ = {isa = PBXBuildFile; fileRef = A9FA5661137E6B3000CC9474 /* Cocoa.framework */; settings = {ATTRIBUTES = (Required, ); }; };
		A9FA566C137E6B3000CC9474 /* InfoPlist.strings in Resources */ = {isa = PBXBuildFile; fileRef = A9FA566A137E6B3000CC9474 /* InfoPlist.strings */; };
		A9FA566F137E6B3000CC9474 /* main.m in Sources */ = {isa = PBXBuildFile; fileRef = A9FA566E137E6B3000CC9474 /* main.m */; };
		A9FA5672137E6B3000CC9474 /* Credits.rtf in Resources */ = {isa = PBXBuildFile; fileRef = A9FA5670137E6B3000CC9474 /* Credits.rtf */; };
		A9FA5675137E6B3000CC9474 /* EnergySaverAppDelegate.m in Sources */ = {isa = PBXBuildFile; fileRef = A9FA5674137E6B3000CC9474 /* EnergySaverAppDelegate.m */; };
		A9FA5678137E6B3100CC9474 /* MainMenu.xib in Resources */ = {isa = PBXBuildFile; fileRef = A9FA5676137E6B3100CC9474 /* MainMenu.xib */; };
		A9FA567F137E6B3100CC9474 /* Cocoa.framework in Frameworks */ = {isa = PBXBuildFile; fileRef = A9FA5661137E6B3000CC9474 /* Cocoa.framework */; };
		A9FA5687137E6B3100CC9474 /* InfoPlist.strings in Resources */ = {isa = PBXBuildFile; fileRef = A9FA5685137E6B3100CC9474 /* InfoPlist.strings */; };
		A9FA568A137E6B3100CC9474 /* EnergySaverTests.h in Resources */ = {isa = PBXBuildFile; fileRef = A9FA5689137E6B3100CC9474 /* EnergySaverTests.h */; };
		A9FA568C137E6B3100CC9474 /* EnergySaverTests.m in Sources */ = {isa = PBXBuildFile; fileRef = A9FA568B137E6B3100CC9474 /* EnergySaverTests.m */; };
/* End PBXBuildFile section */

/* Begin PBXContainerItemProxy section */
		A9391EC8137EA1D5007B4F72 /* PBXContainerItemProxy */ = {
			isa = PBXContainerItemProxy;
			containerPortal = A9391EBF137EA1D5007B4F72 /* CorePlot.xcodeproj */;
			proxyType = 2;
			remoteGlobalIDString = 8DC2EF5B0486A6940098B216;
			remoteInfo = CorePlot;
		};
		A9391ECA137EA1D5007B4F72 /* PBXContainerItemProxy */ = {
			isa = PBXContainerItemProxy;
			containerPortal = A9391EBF137EA1D5007B4F72 /* CorePlot.xcodeproj */;
			proxyType = 2;
			remoteGlobalIDString = 0730F600109492D800E95162;
			remoteInfo = UnitTests;
		};
		A9391ECC137EA208007B4F72 /* PBXContainerItemProxy */ = {
			isa = PBXContainerItemProxy;
			containerPortal = A9391EBF137EA1D5007B4F72 /* CorePlot.xcodeproj */;
			proxyType = 1;
			remoteGlobalIDString = 8DC2EF4F0486A6940098B216;
			remoteInfo = CorePlot;
		};
		A9FA5680137E6B3100CC9474 /* PBXContainerItemProxy */ = {
			isa = PBXContainerItemProxy;
			containerPortal = A9FA5654137E6B3000CC9474 /* Project object */;
			proxyType = 1;
			remoteGlobalIDString = A9FA565C137E6B3000CC9474;
			remoteInfo = EnergySaver;
		};
/* End PBXContainerItemProxy section */

/* Begin PBXCopyFilesBuildPhase section */
		0E81A8C2137E7E7B00D9059A /* CopyFiles */ = {
			isa = PBXCopyFilesBuildPhase;
			buildActionMask = 2147483647;
			dstPath = "";
			dstSubfolderSpec = 10;
			files = (
			);
			runOnlyForDeploymentPostprocessing = 0;
		};
/* End PBXCopyFilesBuildPhase section */

/* Begin PBXFileReference section */
		0E24A4591382736300858A70 /* CPViewController.h */ = {isa = PBXFileReference; fileEncoding = 4; lastKnownFileType = sourcecode.c.h; path = CPViewController.h; sourceTree = "<group>"; };
		0E24A45A1382736300858A70 /* CPViewController.m */ = {isa = PBXFileReference; fileEncoding = 4; lastKnownFileType = sourcecode.c.objc; path = CPViewController.m; sourceTree = "<group>"; };
		0E24A45B1382736300858A70 /* CPViewController.xib */ = {isa = PBXFileReference; fileEncoding = 4; lastKnownFileType = file.xib; path = CPViewController.xib; sourceTree = "<group>"; };
		0E24A45E1382795B00858A70 /* morgueFile */ = {isa = PBXFileReference; fileEncoding = 4; lastKnownFileType = text; path = morgueFile; sourceTree = "<group>"; };
		0E24A460138280AB00858A70 /* paperbag.wav */ = {isa = PBXFileReference; lastKnownFileType = audio.wav; path = paperbag.wav; sourceTree = "<group>"; };
		0E24A461138280AB00858A70 /* chaching.wav */ = {isa = PBXFileReference; lastKnownFileType = audio.wav; path = chaching.wav; sourceTree = "<group>"; };
		0E24A462138280AB00858A70 /* rustle.wav */ = {isa = PBXFileReference; lastKnownFileType = audio.wav; path = rustle.wav; sourceTree = "<group>"; };
		0E81A8AC137E718300D9059A /* README */ = {isa = PBXFileReference; fileEncoding = 4; lastKnownFileType = text; path = README; sourceTree = "<group>"; };
		0E81A8AF137E72E500D9059A /* EnergyBuster.h */ = {isa = PBXFileReference; fileEncoding = 4; lastKnownFileType = sourcecode.c.h; path = EnergyBuster.h; sourceTree = "<group>"; };
		0E81A8B0137E72E500D9059A /* EnergyBuster.m */ = {isa = PBXFileReference; fileEncoding = 4; lastKnownFileType = sourcecode.c.objc; path = EnergyBuster.m; sourceTree = "<group>"; };
		0E81A8C7137E7F2000D9059A /* QuartzCore.framework */ = {isa = PBXFileReference; lastKnownFileType = wrapper.framework; name = QuartzCore.framework; path = System/Library/Frameworks/QuartzCore.framework; sourceTree = SDKROOT; };
		0E8E782313834D7E007CA7DF /* DailyRatePList.plist */ = {isa = PBXFileReference; fileEncoding = 4; lastKnownFileType = text.plist.xml; name = DailyRatePList.plist; path = EnergySaver.xcodeproj/DailyRatePList.plist; sourceTree = SOURCE_ROOT; };
		0E8E78281383547D007CA7DF /* Calendar.h */ = {isa = PBXFileReference; fileEncoding = 4; lastKnownFileType = sourcecode.c.h; name = Calendar.h; path = EnergySaver.xcodeproj/Calendar.h; sourceTree = SOURCE_ROOT; };
		0E8E78291383547D007CA7DF /* Calendar.m */ = {isa = PBXFileReference; fileEncoding = 4; lastKnownFileType = sourcecode.c.objc; name = Calendar.m; path = EnergySaver.xcodeproj/Calendar.m; sourceTree = SOURCE_ROOT; };
		0E8E782B1383595E007CA7DF /* morgueFile2 */ = {isa = PBXFileReference; fileEncoding = 4; lastKnownFileType = text; path = morgueFile2; sourceTree = "<group>"; };
		0E8E782F1383680F007CA7DF /* MonthlySavingsByCategory.plist */ = {isa = PBXFileReference; fileEncoding = 4; lastKnownFileType = text.plist.xml; path = MonthlySavingsByCategory.plist; sourceTree = "<group>"; };
		0E8E783113836C73007CA7DF /* PieVC.h */ = {isa = PBXFileReference; fileEncoding = 4; lastKnownFileType = sourcecode.c.h; path = PieVC.h; sourceTree = "<group>"; };
		0E8E783213836C74007CA7DF /* PieVC.m */ = {isa = PBXFileReference; fileEncoding = 4; lastKnownFileType = sourcecode.c.objc; path = PieVC.m; sourceTree = "<group>"; };
		0E8E783313836C75007CA7DF /* PieVC.xib */ = {isa = PBXFileReference; fileEncoding = 4; lastKnownFileType = file.xib; path = PieVC.xib; sourceTree = "<group>"; };
		0E910DFB1381527100395ABB /* EnergyBusterViewController.h */ = {isa = PBXFileReference; fileEncoding = 4; lastKnownFileType = sourcecode.c.h; path = EnergyBusterViewController.h; sourceTree = "<group>"; };
		0E910DFC1381527100395ABB /* EnergyBusterViewController.m */ = {isa = PBXFileReference; fileEncoding = 4; lastKnownFileType = sourcecode.c.objc; path = EnergyBusterViewController.m; sourceTree = "<group>"; };
		0E910DFD1381527100395ABB /* EnergyBusterViewController.xib */ = {isa = PBXFileReference; fileEncoding = 4; lastKnownFileType = file.xib; path = EnergyBusterViewController.xib; sourceTree = "<group>"; };
		0EAEBA90137EC2DF00968696 /* EnergyBusterList.plist */ = {isa = PBXFileReference; fileEncoding = 4; lastKnownFileType = text.plist.xml; path = EnergyBusterList.plist; sourceTree = "<group>"; };
		A9391EBF137EA1D5007B4F72 /* CorePlot.xcodeproj */ = {isa = PBXFileReference; lastKnownFileType = "wrapper.pb-project"; name = CorePlot.xcodeproj; path = CorePlotSource/framework/CorePlot.xcodeproj; sourceTree = "<group>"; };
		A9391FAC137EAE11007B4F72 /* CorePlot.framework */ = {isa = PBXFileReference; explicitFileType = wrapper.framework; path = CorePlot.framework; sourceTree = BUILT_PRODUCTS_DIR; };
		A9FA565D137E6B3000CC9474 /* EnergySaver.app */ = {isa = PBXFileReference; explicitFileType = wrapper.application; includeInIndex = 0; path = EnergySaver.app; sourceTree = BUILT_PRODUCTS_DIR; };
		A9FA5661137E6B3000CC9474 /* Cocoa.framework */ = {isa = PBXFileReference; lastKnownFileType = wrapper.framework; name = Cocoa.framework; path = System/Library/Frameworks/Cocoa.framework; sourceTree = SDKROOT; };
		A9FA5664137E6B3000CC9474 /* AppKit.framework */ = {isa = PBXFileReference; lastKnownFileType = wrapper.framework; name = AppKit.framework; path = System/Library/Frameworks/AppKit.framework; sourceTree = SDKROOT; };
		A9FA5665137E6B3000CC9474 /* CoreData.framework */ = {isa = PBXFileReference; lastKnownFileType = wrapper.framework; name = CoreData.framework; path = System/Library/Frameworks/CoreData.framework; sourceTree = SDKROOT; };
		A9FA5666137E6B3000CC9474 /* Foundation.framework */ = {isa = PBXFileReference; lastKnownFileType = wrapper.framework; name = Foundation.framework; path = System/Library/Frameworks/Foundation.framework; sourceTree = SDKROOT; };
		A9FA5669137E6B3000CC9474 /* EnergySaver-Info.plist */ = {isa = PBXFileReference; lastKnownFileType = text.plist.xml; path = "EnergySaver-Info.plist"; sourceTree = "<group>"; };
		A9FA566B137E6B3000CC9474 /* en */ = {isa = PBXFileReference; lastKnownFileType = text.plist.strings; name = en; path = en.lproj/InfoPlist.strings; sourceTree = "<group>"; };
		A9FA566D137E6B3000CC9474 /* EnergySaver-Prefix.pch */ = {isa = PBXFileReference; lastKnownFileType = sourcecode.c.h; path = "EnergySaver-Prefix.pch"; sourceTree = "<group>"; };
		A9FA566E137E6B3000CC9474 /* main.m */ = {isa = PBXFileReference; lastKnownFileType = sourcecode.c.objc; path = main.m; sourceTree = "<group>"; };
		A9FA5671137E6B3000CC9474 /* en */ = {isa = PBXFileReference; lastKnownFileType = text.rtf; name = en; path = en.lproj/Credits.rtf; sourceTree = "<group>"; };
		A9FA5673137E6B3000CC9474 /* EnergySaverAppDelegate.h */ = {isa = PBXFileReference; lastKnownFileType = sourcecode.c.h; path = EnergySaverAppDelegate.h; sourceTree = "<group>"; };
		A9FA5674137E6B3000CC9474 /* EnergySaverAppDelegate.m */ = {isa = PBXFileReference; lastKnownFileType = sourcecode.c.objc; path = EnergySaverAppDelegate.m; sourceTree = "<group>"; };
		A9FA5677137E6B3100CC9474 /* en */ = {isa = PBXFileReference; lastKnownFileType = file.xib; name = en; path = en.lproj/MainMenu.xib; sourceTree = "<group>"; };
		A9FA567E137E6B3100CC9474 /* EnergySaverTests.octest */ = {isa = PBXFileReference; explicitFileType = wrapper.cfbundle; includeInIndex = 0; path = EnergySaverTests.octest; sourceTree = BUILT_PRODUCTS_DIR; };
		A9FA5684137E6B3100CC9474 /* EnergySaverTests-Info.plist */ = {isa = PBXFileReference; lastKnownFileType = text.plist.xml; path = "EnergySaverTests-Info.plist"; sourceTree = "<group>"; };
		A9FA5686137E6B3100CC9474 /* en */ = {isa = PBXFileReference; lastKnownFileType = text.plist.strings; name = en; path = en.lproj/InfoPlist.strings; sourceTree = "<group>"; };
		A9FA5688137E6B3100CC9474 /* EnergySaverTests-Prefix.pch */ = {isa = PBXFileReference; lastKnownFileType = sourcecode.c.h; path = "EnergySaverTests-Prefix.pch"; sourceTree = "<group>"; };
		A9FA5689137E6B3100CC9474 /* EnergySaverTests.h */ = {isa = PBXFileReference; lastKnownFileType = sourcecode.c.h; path = EnergySaverTests.h; sourceTree = "<group>"; };
		A9FA568B137E6B3100CC9474 /* EnergySaverTests.m */ = {isa = PBXFileReference; lastKnownFileType = sourcecode.c.objc; path = EnergySaverTests.m; sourceTree = "<group>"; };
/* End PBXFileReference section */

/* Begin PBXFrameworksBuildPhase section */
		A9FA565A137E6B3000CC9474 /* Frameworks */ = {
			isa = PBXFrameworksBuildPhase;
			buildActionMask = 2147483647;
			files = (
				0E81A8C8137E7F2000D9059A /* QuartzCore.framework in Frameworks */,
				A9FA5662137E6B3000CC9474 /* Cocoa.framework in Frameworks */,
				A9391FAD137EAE11007B4F72 /* CorePlot.framework in Frameworks */,
			);
			runOnlyForDeploymentPostprocessing = 0;
		};
		A9FA567A137E6B3100CC9474 /* Frameworks */ = {
			isa = PBXFrameworksBuildPhase;
			buildActionMask = 2147483647;
			files = (
				A9FA567F137E6B3100CC9474 /* Cocoa.framework in Frameworks */,
			);
			runOnlyForDeploymentPostprocessing = 0;
		};
/* End PBXFrameworksBuildPhase section */

/* Begin PBXGroup section */
		A9391EC0137EA1D5007B4F72 /* Products */ = {
			isa = PBXGroup;
			children = (
				A9391EC9137EA1D5007B4F72 /* CorePlot.framework */,
				A9391ECB137EA1D5007B4F72 /* UnitTests.octest */,
			);
			name = Products;
			sourceTree = "<group>";
		};
		A9FA5652137E6B3000CC9474 = {
			isa = PBXGroup;
			children = (
				0E81A8C7137E7F2000D9059A /* QuartzCore.framework */,
				0E81A8AC137E718300D9059A /* README */,
				A9391FAC137EAE11007B4F72 /* CorePlot.framework */,
				A9391EBF137EA1D5007B4F72 /* CorePlot.xcodeproj */,
				A9FA5667137E6B3000CC9474 /* EnergySaver */,
				A9FA5682137E6B3100CC9474 /* EnergySaverTests */,
				A9FA5660137E6B3000CC9474 /* Frameworks */,
				A9FA565E137E6B3000CC9474 /* Products */,
			);
			sourceTree = "<group>";
		};
		A9FA565E137E6B3000CC9474 /* Products */ = {
			isa = PBXGroup;
			children = (
				A9FA565D137E6B3000CC9474 /* EnergySaver.app */,
				A9FA567E137E6B3100CC9474 /* EnergySaverTests.octest */,
			);
			name = Products;
			sourceTree = "<group>";
		};
		A9FA5660137E6B3000CC9474 /* Frameworks */ = {
			isa = PBXGroup;
			children = (
				A9FA5661137E6B3000CC9474 /* Cocoa.framework */,
				A9FA5663137E6B3000CC9474 /* Other Frameworks */,
			);
			name = Frameworks;
			sourceTree = "<group>";
		};
		A9FA5663137E6B3000CC9474 /* Other Frameworks */ = {
			isa = PBXGroup;
			children = (
				A9FA5664137E6B3000CC9474 /* AppKit.framework */,
				A9FA5665137E6B3000CC9474 /* CoreData.framework */,
				A9FA5666137E6B3000CC9474 /* Foundation.framework */,
			);
			name = "Other Frameworks";
			sourceTree = "<group>";
		};
		A9FA5667137E6B3000CC9474 /* EnergySaver */ = {
			isa = PBXGroup;
			children = (
				A9FA5673137E6B3000CC9474 /* EnergySaverAppDelegate.h */,
				A9FA5674137E6B3000CC9474 /* EnergySaverAppDelegate.m */,
				0E8E78281383547D007CA7DF /* Calendar.h */,
				0E8E78291383547D007CA7DF /* Calendar.m */,
				0E24A45E1382795B00858A70 /* morgueFile */,
				0E8E782B1383595E007CA7DF /* morgueFile2 */,
				0E910DFB1381527100395ABB /* EnergyBusterViewController.h */,
				0E910DFC1381527100395ABB /* EnergyBusterViewController.m */,
				0E910DFD1381527100395ABB /* EnergyBusterViewController.xib */,
				0E24A4591382736300858A70 /* CPViewController.h */,
				0E24A45A1382736300858A70 /* CPViewController.m */,
				0E24A45B1382736300858A70 /* CPViewController.xib */,
				0E8E783113836C73007CA7DF /* PieVC.h */,
				0E8E783213836C74007CA7DF /* PieVC.m */,
				0E8E783313836C75007CA7DF /* PieVC.xib */,
				0E81A8AF137E72E500D9059A /* EnergyBuster.h */,
				0E81A8B0137E72E500D9059A /* EnergyBuster.m */,
				A9FA5676137E6B3100CC9474 /* MainMenu.xib */,
				A9FA5668137E6B3000CC9474 /* Supporting Files */,
			);
			path = EnergySaver;
			sourceTree = "<group>";
		};
		A9FA5668137E6B3000CC9474 /* Supporting Files */ = {
			isa = PBXGroup;
			children = (
				0E8E782313834D7E007CA7DF /* DailyRatePList.plist */,
				0E8E782F1383680F007CA7DF /* MonthlySavingsByCategory.plist */,
				0E24A460138280AB00858A70 /* paperbag.wav */,
				0E24A461138280AB00858A70 /* chaching.wav */,
				0E24A462138280AB00858A70 /* rustle.wav */,
				A9FA5669137E6B3000CC9474 /* EnergySaver-Info.plist */,
				A9FA566A137E6B3000CC9474 /* InfoPlist.strings */,
				A9FA566D137E6B3000CC9474 /* EnergySaver-Prefix.pch */,
				A9FA566E137E6B3000CC9474 /* main.m */,
				A9FA5670137E6B3000CC9474 /* Credits.rtf */,
				0EAEBA90137EC2DF00968696 /* EnergyBusterList.plist */,
			);
			name = "Supporting Files";
			sourceTree = "<group>";
		};
		A9FA5682137E6B3100CC9474 /* EnergySaverTests */ = {
			isa = PBXGroup;
			children = (
				A9FA5689137E6B3100CC9474 /* EnergySaverTests.h */,
				A9FA568B137E6B3100CC9474 /* EnergySaverTests.m */,
				A9FA5683137E6B3100CC9474 /* Supporting Files */,
			);
			path = EnergySaverTests;
			sourceTree = "<group>";
		};
		A9FA5683137E6B3100CC9474 /* Supporting Files */ = {
			isa = PBXGroup;
			children = (
				A9FA5684137E6B3100CC9474 /* EnergySaverTests-Info.plist */,
				A9FA5685137E6B3100CC9474 /* InfoPlist.strings */,
				A9FA5688137E6B3100CC9474 /* EnergySaverTests-Prefix.pch */,
			);
			name = "Supporting Files";
			sourceTree = "<group>";
		};
/* End PBXGroup section */

/* Begin PBXNativeTarget section */
		A9FA565C137E6B3000CC9474 /* EnergySaver */ = {
			isa = PBXNativeTarget;
			buildConfigurationList = A9FA568F137E6B3100CC9474 /* Build configuration list for PBXNativeTarget "EnergySaver" */;
			buildPhases = (
				A9FA5659137E6B3000CC9474 /* Sources */,
				A9FA565A137E6B3000CC9474 /* Frameworks */,
				A9FA565B137E6B3000CC9474 /* Resources */,
				0E81A8C2137E7E7B00D9059A /* CopyFiles */,
			);
			buildRules = (
			);
			dependencies = (
				A9391ECD137EA208007B4F72 /* PBXTargetDependency */,
			);
			name = EnergySaver;
			productName = EnergySaver;
			productReference = A9FA565D137E6B3000CC9474 /* EnergySaver.app */;
			productType = "com.apple.product-type.application";
		};
		A9FA567D137E6B3100CC9474 /* EnergySaverTests */ = {
			isa = PBXNativeTarget;
			buildConfigurationList = A9FA5692137E6B3100CC9474 /* Build configuration list for PBXNativeTarget "EnergySaverTests" */;
			buildPhases = (
				A9FA5679137E6B3100CC9474 /* Sources */,
				A9FA567A137E6B3100CC9474 /* Frameworks */,
				A9FA567B137E6B3100CC9474 /* Resources */,
				A9FA567C137E6B3100CC9474 /* ShellScript */,
			);
			buildRules = (
			);
			dependencies = (
				A9FA5681137E6B3100CC9474 /* PBXTargetDependency */,
			);
			name = EnergySaverTests;
			productName = EnergySaverTests;
			productReference = A9FA567E137E6B3100CC9474 /* EnergySaverTests.octest */;
			productType = "com.apple.product-type.bundle";
		};
/* End PBXNativeTarget section */

/* Begin PBXProject section */
		A9FA5654137E6B3000CC9474 /* Project object */ = {
			isa = PBXProject;
			buildConfigurationList = A9FA5657137E6B3000CC9474 /* Build configuration list for PBXProject "EnergySaver" */;
			compatibilityVersion = "Xcode 3.2";
			developmentRegion = English;
			hasScannedForEncodings = 0;
			knownRegions = (
				en,
			);
			mainGroup = A9FA5652137E6B3000CC9474;
			productRefGroup = A9FA565E137E6B3000CC9474 /* Products */;
			projectDirPath = "";
			projectReferences = (
				{
					ProductGroup = A9391EC0137EA1D5007B4F72 /* Products */;
					ProjectRef = A9391EBF137EA1D5007B4F72 /* CorePlot.xcodeproj */;
				},
			);
			projectRoot = "";
			targets = (
				A9FA565C137E6B3000CC9474 /* EnergySaver */,
				A9FA567D137E6B3100CC9474 /* EnergySaverTests */,
			);
		};
/* End PBXProject section */

/* Begin PBXReferenceProxy section */
		A9391EC9137EA1D5007B4F72 /* CorePlot.framework */ = {
			isa = PBXReferenceProxy;
			fileType = wrapper.framework;
			path = CorePlot.framework;
			remoteRef = A9391EC8137EA1D5007B4F72 /* PBXContainerItemProxy */;
			sourceTree = BUILT_PRODUCTS_DIR;
		};
		A9391ECB137EA1D5007B4F72 /* UnitTests.octest */ = {
			isa = PBXReferenceProxy;
			fileType = wrapper.cfbundle;
			path = UnitTests.octest;
			remoteRef = A9391ECA137EA1D5007B4F72 /* PBXContainerItemProxy */;
			sourceTree = BUILT_PRODUCTS_DIR;
		};
/* End PBXReferenceProxy section */

/* Begin PBXResourcesBuildPhase section */
		A9FA565B137E6B3000CC9474 /* Resources */ = {
			isa = PBXResourcesBuildPhase;
			buildActionMask = 2147483647;
			files = (
				A9FA566C137E6B3000CC9474 /* InfoPlist.strings in Resources */,
				A9FA5672137E6B3000CC9474 /* Credits.rtf in Resources */,
				A9FA5678137E6B3100CC9474 /* MainMenu.xib in Resources */,
				0E81A8AD137E718300D9059A /* README in Resources */,
				0EAEBA91137EC2DF00968696 /* EnergyBusterList.plist in Resources */,
				0E910DFF1381527200395ABB /* EnergyBusterViewController.xib in Resources */,
				0E24A45D1382736300858A70 /* CPViewController.xib in Resources */,
				0E24A45F1382795B00858A70 /* morgueFile in Resources */,
				0E24A463138280AB00858A70 /* paperbag.wav in Resources */,
				0E24A464138280AB00858A70 /* chaching.wav in Resources */,
				0E24A465138280AB00858A70 /* rustle.wav in Resources */,
				0E8E782413834D7E007CA7DF /* DailyRatePList.plist in Resources */,
				0E8E782C1383595F007CA7DF /* morgueFile2 in Resources */,
				0E8E783013836810007CA7DF /* MonthlySavingsByCategory.plist in Resources */,
				0E8E783513836C77007CA7DF /* PieVC.xib in Resources */,
			);
			runOnlyForDeploymentPostprocessing = 0;
		};
		A9FA567B137E6B3100CC9474 /* Resources */ = {
			isa = PBXResourcesBuildPhase;
			buildActionMask = 2147483647;
			files = (
				A9FA5687137E6B3100CC9474 /* InfoPlist.strings in Resources */,
				A9FA568A137E6B3100CC9474 /* EnergySaverTests.h in Resources */,
			);
			runOnlyForDeploymentPostprocessing = 0;
		};
/* End PBXResourcesBuildPhase section */

/* Begin PBXShellScriptBuildPhase section */
		A9FA567C137E6B3100CC9474 /* ShellScript */ = {
			isa = PBXShellScriptBuildPhase;
			buildActionMask = 2147483647;
			files = (
			);
			inputPaths = (
			);
			outputPaths = (
			);
			runOnlyForDeploymentPostprocessing = 0;
			shellPath = /bin/sh;
			shellScript = "# Run the unit tests in this test bundle.\n\"${SYSTEM_DEVELOPER_DIR}/Tools/RunUnitTests\"\n";
		};
/* End PBXShellScriptBuildPhase section */

/* Begin PBXSourcesBuildPhase section */
		A9FA5659137E6B3000CC9474 /* Sources */ = {
			isa = PBXSourcesBuildPhase;
			buildActionMask = 2147483647;
			files = (
				A9FA566F137E6B3000CC9474 /* main.m in Sources */,
				A9FA5675137E6B3000CC9474 /* EnergySaverAppDelegate.m in Sources */,
				0E81A8B1137E72E500D9059A /* EnergyBuster.m in Sources */,
				0E910DFE1381527200395ABB /* EnergyBusterViewController.m in Sources */,
				0E24A45C1382736300858A70 /* CPViewController.m in Sources */,
				0E8E782A1383547E007CA7DF /* Calendar.m in Sources */,
				0E8E783413836C77007CA7DF /* PieVC.m in Sources */,
			);
			runOnlyForDeploymentPostprocessing = 0;
		};
		A9FA5679137E6B3100CC9474 /* Sources */ = {
			isa = PBXSourcesBuildPhase;
			buildActionMask = 2147483647;
			files = (
				A9FA568C137E6B3100CC9474 /* EnergySaverTests.m in Sources */,
			);
			runOnlyForDeploymentPostprocessing = 0;
		};
/* End PBXSourcesBuildPhase section */

/* Begin PBXTargetDependency section */
		A9391ECD137EA208007B4F72 /* PBXTargetDependency */ = {
			isa = PBXTargetDependency;
			name = CorePlot;
			targetProxy = A9391ECC137EA208007B4F72 /* PBXContainerItemProxy */;
		};
		A9FA5681137E6B3100CC9474 /* PBXTargetDependency */ = {
			isa = PBXTargetDependency;
			target = A9FA565C137E6B3000CC9474 /* EnergySaver */;
			targetProxy = A9FA5680137E6B3100CC9474 /* PBXContainerItemProxy */;
		};
/* End PBXTargetDependency section */

/* Begin PBXVariantGroup section */
		A9FA566A137E6B3000CC9474 /* InfoPlist.strings */ = {
			isa = PBXVariantGroup;
			children = (
				A9FA566B137E6B3000CC9474 /* en */,
			);
			name = InfoPlist.strings;
			sourceTree = "<group>";
		};
		A9FA5670137E6B3000CC9474 /* Credits.rtf */ = {
			isa = PBXVariantGroup;
			children = (
				A9FA5671137E6B3000CC9474 /* en */,
			);
			name = Credits.rtf;
			sourceTree = "<group>";
		};
		A9FA5676137E6B3100CC9474 /* MainMenu.xib */ = {
			isa = PBXVariantGroup;
			children = (
				A9FA5677137E6B3100CC9474 /* en */,
			);
			name = MainMenu.xib;
			sourceTree = "<group>";
		};
		A9FA5685137E6B3100CC9474 /* InfoPlist.strings */ = {
			isa = PBXVariantGroup;
			children = (
				A9FA5686137E6B3100CC9474 /* en */,
			);
			name = InfoPlist.strings;
			sourceTree = "<group>";
		};
/* End PBXVariantGroup section */

/* Begin XCBuildConfiguration section */
		A9FA568D137E6B3100CC9474 /* Debug */ = {
			isa = XCBuildConfiguration;
			buildSettings = {
				ARCHS = "$(ARCHS_STANDARD_32_64_BIT)";
				GCC_C_LANGUAGE_STANDARD = gnu99;
				GCC_OPTIMIZATION_LEVEL = 0;
				GCC_PREPROCESSOR_DEFINITIONS = DEBUG;
				GCC_SYMBOLS_PRIVATE_EXTERN = NO;
				GCC_VERSION = com.apple.compilers.llvm.clang.1_0;
				GCC_WARN_64_TO_32_BIT_CONVERSION = YES;
				GCC_WARN_ABOUT_RETURN_TYPE = YES;
				GCC_WARN_UNUSED_VARIABLE = YES;
				MACOSX_DEPLOYMENT_TARGET = 10.6;
				ONLY_ACTIVE_ARCH = YES;
				SDKROOT = macosx;
			};
			name = Debug;
		};
		A9FA568E137E6B3100CC9474 /* Release */ = {
			isa = XCBuildConfiguration;
			buildSettings = {
				ARCHS = "$(ARCHS_STANDARD_32_64_BIT)";
				GCC_C_LANGUAGE_STANDARD = gnu99;
				GCC_VERSION = com.apple.compilers.llvm.clang.1_0;
				GCC_WARN_64_TO_32_BIT_CONVERSION = YES;
				GCC_WARN_ABOUT_RETURN_TYPE = YES;
				GCC_WARN_UNUSED_VARIABLE = YES;
				MACOSX_DEPLOYMENT_TARGET = 10.6;
				SDKROOT = macosx;
			};
			name = Release;
		};
		A9FA5690137E6B3100CC9474 /* Debug */ = {
			isa = XCBuildConfiguration;
			buildSettings = {
				ALWAYS_SEARCH_USER_PATHS = NO;
				COPY_PHASE_STRIP = NO;
				FRAMEWORK_SEARCH_PATHS = (
					"$(inherited)",
					"\"$(SRCROOT)\"",
				);
				GCC_DYNAMIC_NO_PIC = NO;
				GCC_ENABLE_OBJC_EXCEPTIONS = YES;
				GCC_PRECOMPILE_PREFIX_HEADER = YES;
				GCC_PREFIX_HEADER = "EnergySaver/EnergySaver-Prefix.pch";
				INFOPLIST_FILE = "EnergySaver/EnergySaver-Info.plist";
				PRODUCT_NAME = "$(TARGET_NAME)";
				WRAPPER_EXTENSION = app;
			};
			name = Debug;
		};
		A9FA5691137E6B3100CC9474 /* Release */ = {
			isa = XCBuildConfiguration;
			buildSettings = {
				ALWAYS_SEARCH_USER_PATHS = NO;
				COPY_PHASE_STRIP = YES;
				DEBUG_INFORMATION_FORMAT = "dwarf-with-dsym";
				FRAMEWORK_SEARCH_PATHS = (
					"$(inherited)",
					"\"$(SRCROOT)\"",
				);
				GCC_ENABLE_OBJC_EXCEPTIONS = YES;
				GCC_PRECOMPILE_PREFIX_HEADER = YES;
				GCC_PREFIX_HEADER = "EnergySaver/EnergySaver-Prefix.pch";
				INFOPLIST_FILE = "EnergySaver/EnergySaver-Info.plist";
				PRODUCT_NAME = "$(TARGET_NAME)";
				WRAPPER_EXTENSION = app;
			};
			name = Release;
		};
		A9FA5693137E6B3100CC9474 /* Debug */ = {
			isa = XCBuildConfiguration;
			buildSettings = {
				ALWAYS_SEARCH_USER_PATHS = NO;
				BUNDLE_LOADER = "$(BUILT_PRODUCTS_DIR)/EnergySaver.app/Contents/MacOS/EnergySaver";
				COPY_PHASE_STRIP = NO;
				FRAMEWORK_SEARCH_PATHS = "$(DEVELOPER_LIBRARY_DIR)/Frameworks";
				GCC_DYNAMIC_NO_PIC = NO;
				GCC_ENABLE_OBJC_EXCEPTIONS = YES;
				GCC_PRECOMPILE_PREFIX_HEADER = YES;
				GCC_PREFIX_HEADER = "EnergySaverTests/EnergySaverTests-Prefix.pch";
				INFOPLIST_FILE = "EnergySaverTests/EnergySaverTests-Info.plist";
				OTHER_LDFLAGS = (
					"-framework",
					SenTestingKit,
				);
				PRODUCT_NAME = "$(TARGET_NAME)";
				TEST_HOST = "$(BUNDLE_LOADER)";
				WRAPPER_EXTENSION = octest;
			};
			name = Debug;
		};
		A9FA5694137E6B3100CC9474 /* Release */ = {
			isa = XCBuildConfiguration;
			buildSettings = {
				ALWAYS_SEARCH_USER_PATHS = NO;
				BUNDLE_LOADER = "$(BUILT_PRODUCTS_DIR)/EnergySaver.app/Contents/MacOS/EnergySaver";
				COPY_PHASE_STRIP = YES;
				DEBUG_INFORMATION_FORMAT = "dwarf-with-dsym";
				FRAMEWORK_SEARCH_PATHS = "$(DEVELOPER_LIBRARY_DIR)/Frameworks";
				GCC_ENABLE_OBJC_EXCEPTIONS = YES;
				GCC_PRECOMPILE_PREFIX_HEADER = YES;
				GCC_PREFIX_HEADER = "EnergySaverTests/EnergySaverTests-Prefix.pch";
				INFOPLIST_FILE = "EnergySaverTests/EnergySaverTests-Info.plist";
				OTHER_LDFLAGS = (
					"-framework",
					SenTestingKit,
				);
				PRODUCT_NAME = "$(TARGET_NAME)";
				TEST_HOST = "$(BUNDLE_LOADER)";
				WRAPPER_EXTENSION = octest;
			};
			name = Release;
		};
/* End XCBuildConfiguration section */

/* Begin XCConfigurationList section */
		A9FA5657137E6B3000CC9474 /* Build configuration list for PBXProject "EnergySaver" */ = {
			isa = XCConfigurationList;
			buildConfigurations = (
				A9FA568D137E6B3100CC9474 /* Debug */,
				A9FA568E137E6B3100CC9474 /* Release */,
			);
			defaultConfigurationIsVisible = 0;
			defaultConfigurationName = Release;
		};
		A9FA568F137E6B3100CC9474 /* Build configuration list for PBXNativeTarget "EnergySaver" */ = {
			isa = XCConfigurationList;
			buildConfigurations = (
				A9FA5690137E6B3100CC9474 /* Debug */,
				A9FA5691137E6B3100CC9474 /* Release */,
			);
			defaultConfigurationIsVisible = 0;
			defaultConfigurationName = Release;
		};
		A9FA5692137E6B3100CC9474 /* Build configuration list for PBXNativeTarget "EnergySaverTests" */ = {
			isa = XCConfigurationList;
			buildConfigurations = (
				A9FA5693137E6B3100CC9474 /* Debug */,
				A9FA5694137E6B3100CC9474 /* Release */,
			);
			defaultConfigurationIsVisible = 0;
			defaultConfigurationName = Release;
		};
/* End XCConfigurationList section */
	};
	rootObject = A9FA5654137E6B3000CC9474 /* Project object */;
}
